
Microsoft Visual Studio Solution File, Format Version 12.00
# Visual Studio Version 16
VisualStudioVersion = 16.0.30907.101
MinimumVisualStudioVersion = 10.0.40219.1
Project("{FAE04EC0-301F-11D3-BF4B-00C04F79EFBC}") = "ExpenseManagement.API", "ExpenseManagement.API\ExpenseManagement.API.csproj", "{5DDB6488-F994-445C-987E-DDB4BE6AE260}"
EndProject
Project("{FAE04EC0-301F-11D3-BF4B-00C04F79EFBC}") = "ExpenseManagement.Domain", "ExpenseManagement.Domain\ExpenseManagement.Domain.csproj", "{ADB36C73-3BED-4220-A354-D9819301E22A}"
EndProject
Project("{FAE04EC0-301F-11D3-BF4B-00C04F79EFBC}") = "ExpenseManagement.Infrastructure", "ExpenseManagement.Infrastructure\ExpenseManagement.Infrastructure.csproj", "{CECBDFA4-048E-4A84-B779-8B01BE896B6D}"
EndProject
Global
	GlobalSection(SolutionConfigurationPlatforms) = preSolution
		Debug|Any CPU = Debug|Any CPU
		Release|Any CPU = Release|Any CPU
	EndGlobalSection
	GlobalSection(ProjectConfigurationPlatforms) = postSolution
		{5DDB6488-F994-445C-987E-DDB4BE6AE260}.Debug|Any CPU.ActiveCfg = Debug|Any CPU
		{5DDB6488-F994-445C-987E-DDB4BE6AE260}.Debug|Any CPU.Build.0 = Debug|Any CPU
		{5DDB6488-F994-445C-987E-DDB4BE6AE260}.Release|Any CPU.ActiveCfg = Release|Any CPU
		{5DDB6488-F994-445C-987E-DDB4BE6AE260}.Release|Any CPU.Build.0 = Release|Any CPU
		{ADB36C73-3BED-4220-A354-D9819301E22A}.Debug|Any CPU.ActiveCfg = Debug|Any CPU
		{ADB36C73-3BED-4220-A354-D9819301E22A}.Debug|Any CPU.Build.0 = Debug|Any CPU
		{ADB36C73-3BED-4220-A354-D9819301E22A}.Release|Any CPU.ActiveCfg = Release|Any CPU
		{ADB36C73-3BED-4220-A354-D9819301E22A}.Release|Any CPU.Build.0 = Release|Any CPU
		{CECBDFA4-048E-4A84-B779-8B01BE896B6D}.Debug|Any CPU.ActiveCfg = Debug|Any CPU
		{CECBDFA4-048E-4A84-B779-8B01BE896B6D}.Debug|Any CPU.Build.0 = Debug|Any CPU
		{CECBDFA4-048E-4A84-B779-8B01BE896B6D}.Release|Any CPU.ActiveCfg = Release|Any CPU
		{CECBDFA4-048E-4A84-B779-8B01BE896B6D}.Release|Any CPU.Build.0 = Release|Any CPU
	EndGlobalSection
	GlobalSection(SolutionProperties) = preSolution
		HideSolutionNode = FALSE
	EndGlobalSection
	GlobalSection(ExtensibilityGlobals) = postSolution
		SolutionGuid = {BC499428-31C6-4B73-8686-DF2824FE66CD}
	EndGlobalSection
EndGlobal
